github.com/cafruv/go-api v0.0.0-20201002000935-5180714a767b h1:opC58hhcNBJUXlKdH0LXo5wBANvO5mU9jfYorb1uEAw=
github.com/cafruv/go-api v0.0.0-20201002000935-5180714a767b/go.mod h1:h4mEhNytDe9pkqpFcXI1ivVxNS+uyJMQ/GjrXLSua1Y=
github.com/cafruv/product-api v0.0.0-20201002003724-15e352f602a1 h1:ooS2xT8bkp7ANLj4gqBzlPAUHkxW+TaMe3MCTFzfcOI=
